{
    "_readme": [
        "This file locks the dependencies of your project to a known state",
        "Read more about it at https://getcomposer.org/doc/01-basic-usage.md#composer-lock-the-lock-file",
        "This file is @generated automatically"
    ],
    "content-hash": "ef33a503dfe9b5b3b338602a644ca59b",
    "packages": [
        {
            "name": "paynl/sdk",
            "version": "v1.5.7",
            "source": {
                "type": "git",
                "url": "https://github.com/paynl/sdk.git",
                "reference": "9d705b83e9e93152de34f2e7cfb14e435e45f0b6"
            },
            "dist": {
                "type": "zip",
                "url": "https://api.github.com/repos/paynl/sdk/zipball/9d705b83e9e93152de34f2e7cfb14e435e45f0b6",
                "reference": "9d705b83e9e93152de34f2e7cfb14e435e45f0b6",
                "shasum": ""
            },
            "require": {
                "ext-json": "*",
                "php-curl-class/php-curl-class": "^8.3"
            },
            "require-dev": {
                "phpunit/phpunit": "^4.8",
                "satooshi/php-coveralls": "~1.0"
            },
            "type": "library",
            "autoload": {
                "psr-4": {
                    "Paynl\\": "src/"
                }
            },
            "notification-url": "https://packagist.org/downloads/",
            "authors": [
                {
                    "name": "Andy Pieters",
                    "email": "andy@pay.nl"
                }
            ],
            "time": "2019-01-03T13:41:15+00:00"
        },
        {
            "name": "php-curl-class/php-curl-class",
            "version": "8.4.0",
            "source": {
                "type": "git",
                "url": "https://github.com/php-curl-class/php-curl-class.git",
                "reference": "d45e6c17b61bbedf367bb37f35612e4526c07b29"
            },
            "dist": {
                "type": "zip",
                "url": "https://api.github.com/repos/php-curl-class/php-curl-class/zipball/d45e6c17b61bbedf367bb37f35612e4526c07b29",
                "reference": "d45e6c17b61bbedf367bb37f35612e4526c07b29",
                "shasum": ""
            },
            "require": {
                "ext-curl": "*",
                "php": ">=5.3"
            },
            "require-dev": {
                "ext-gd": "*",
                "phpunit/phpunit": "*",
                "squizlabs/php_codesniffer": "*"
            },
            "suggest": {
                "ext-mbstring": "*"
            },
            "type": "library",
            "autoload": {
                "psr-4": {
                    "Curl\\": "src/Curl/"
                }
            },
            "notification-url": "https://packagist.org/downloads/",
            "license": [
                "Unlicense"
            ],
            "authors": [
                {
                    "name": "Zach Borboa"
                }
            ],
            "description": "PHP Curl Class makes it easy to send HTTP requests and integrate with web APIs.",
            "homepage": "https://github.com/php-curl-class/php-curl-class",
            "keywords": [
                "API-Client",
                "api",
                "class",
                "client",
                "curl",
                "framework",
                "http",
                "http-client",
                "http-proxy",
                "json",
                "php",
                "php-curl",
                "php-curl-library",
                "proxy",
                "requests",
                "restful",
                "web-scraper",
                "web-scraping ",
                "web-service",
                "xml"
            ],
            "time": "2018-12-19T16:35:45+00:00"
        }
    ],
    "packages-dev": [],
    "aliases": [],
    "minimum-stability": "stable",
    "stability-flags": [],
    "prefer-stable": false,
    "prefer-lowest": false,
    "platform": [],
    "platform-dev": []
}
